<?xml version="1.0" encoding="utf-8"?>
<Project ToolsVersion="4.0" xmlns="http://schemas.microsoft.com/developer/msbuild/2003">
  <ItemGroup>
    <Filter Include="include">
      <UniqueIdentifier>{570ed637-46e3-4ac0-aa07-84101bfb4d87}</UniqueIdentifier>
    </Filter>
    <Filter Include="include\czredis">
      <UniqueIdentifier>{06227aea-5577-43dd-99e6-4dde151ff9ca}</UniqueIdentifier>
    </Filter>
    <Filter Include="include\czredis\detail">
      <UniqueIdentifier>{00b59783-42fe-4803-84d7-dd8ddaea4401}</UniqueIdentifier>
    </Filter>
    <Filter Include="test">
      <UniqueIdentifier>{cdefa480-36ee-4e31-bb94-72d53dd1c1c0}</UniqueIdentifier>
    </Filter>
    <Filter Include="include\czredis\detail\interface">
      <UniqueIdentifier>{2cd992d6-360a-45a3-adab-e9db240f8c0f}</UniqueIdentifier>
    </Filter>
  </ItemGroup>
  <ItemGroup>
    <ClInclude Include="include\asio.hpp">
      <Filter>include</Filter>
    </ClInclude>
    <ClInclude Include="include\czredis.h">
      <Filter>include</Filter>
    </ClInclude>
    <ClInclude Include="include\czredis\common.h">
      <Filter>include\czredis</Filter>
    </ClInclude>
    <ClInclude Include="include\czredis\error.h">
      <Filter>include\czredis</Filter>
    </ClInclude>
    <ClInclude Include="include\czredis\redis.h">
      <Filter>include\czredis</Filter>
    </ClInclude>
    <ClInclude Include="include\czredis\redis_pool.h">
      <Filter>include\czredis</Filter>
    </ClInclude>
    <ClInclude Include="include\czredis\reply.h">
      <Filter>include\czredis</Filter>
    </ClInclude>
    <ClInclude Include="include\czredis\detail\client.h">
      <Filter>include\czredis\detail</Filter>
    </ClInclude>
    <ClInclude Include="include\czredis\detail\pool.h">
      <Filter>include\czredis\detail</Filter>
    </ClInclude>
    <ClInclude Include="include\czredis\detail\resp.h">
      <Filter>include\czredis\detail</Filter>
    </ClInclude>
    <ClInclude Include="include\czredis\detail\socket.h">
      <Filter>include\czredis\detail</Filter>
    </ClInclude>
    <ClInclude Include="include\czredis\detail\stream.h">
      <Filter>include\czredis\detail</Filter>
    </ClInclude>
    <ClInclude Include="include\czredis\pipeline.h">
      <Filter>include\czredis</Filter>
    </ClInclude>
    <ClInclude Include="include\czredis\detail\param_templete.h">
      <Filter>include\czredis\detail</Filter>
    </ClInclude>
    <ClInclude Include="include\czredis\params.h">
      <Filter>include\czredis</Filter>
    </ClInclude>
    <ClInclude Include="include\czredis\data.h">
      <Filter>include\czredis</Filter>
    </ClInclude>
    <ClInclude Include="include\czredis\detail\call_finally.h">
      <Filter>include\czredis\detail</Filter>
    </ClInclude>
    <ClInclude Include="include\czredis\detail\iterator.h">
      <Filter>include\czredis\detail</Filter>
    </ClInclude>
    <ClInclude Include="include\czredis\delay.h">
      <Filter>include\czredis</Filter>
    </ClInclude>
    <ClInclude Include="include\czredis\detail\pool_object.h">
      <Filter>include\czredis\detail</Filter>
    </ClInclude>
    <ClInclude Include="include\czredis\detail\data_cast.h">
      <Filter>include\czredis\detail</Filter>
    </ClInclude>
    <ClInclude Include="include\czredis\detail\interface\connection.h">
      <Filter>include\czredis\detail\interface</Filter>
    </ClInclude>
    <ClInclude Include="include\czredis\detail\interface.h">
      <Filter>include\czredis\detail</Filter>
    </ClInclude>
    <ClInclude Include="include\czredis\detail\interface\geo.h">
      <Filter>include\czredis\detail\interface</Filter>
    </ClInclude>
    <ClInclude Include="include\czredis\detail\interface\hashes.h">
      <Filter>include\czredis\detail\interface</Filter>
    </ClInclude>
    <ClInclude Include="include\czredis\detail\interface\hyper_log_log.h">
      <Filter>include\czredis\detail\interface</Filter>
    </ClInclude>
    <ClInclude Include="include\czredis\detail\interface\keys.h">
      <Filter>include\czredis\detail\interface</Filter>
    </ClInclude>
    <ClInclude Include="include\czredis\detail\interface\lists.h">
      <Filter>include\czredis\detail\interface</Filter>
    </ClInclude>
    <ClInclude Include="include\czredis\detail\interface\scripting.h">
      <Filter>include\czredis\detail\interface</Filter>
    </ClInclude>
    <ClInclude Include="include\czredis\detail\interface\sets.h">
      <Filter>include\czredis\detail\interface</Filter>
    </ClInclude>
    <ClInclude Include="include\czredis\detail\interface\sorted_sets.h">
      <Filter>include\czredis\detail\interface</Filter>
    </ClInclude>
    <ClInclude Include="include\czredis\detail\interface\streams.h">
      <Filter>include\czredis\detail\interface</Filter>
    </ClInclude>
    <ClInclude Include="include\czredis\detail\interface\strings.h">
      <Filter>include\czredis\detail\interface</Filter>
    </ClInclude>
    <ClInclude Include="include\czredis\detail\command.h">
      <Filter>include\czredis\detail</Filter>
    </ClInclude>
    <ClInclude Include="include\czredis\detail\delay_queue.h">
      <Filter>include\czredis\detail</Filter>
    </ClInclude>
    <ClInclude Include="include\czredis\detail\move_only.h">
      <Filter>include\czredis\detail</Filter>
    </ClInclude>
    <ClInclude Include="include\czredis\detail\one_key_delay_commands.h">
      <Filter>include\czredis\detail</Filter>
    </ClInclude>
    <ClInclude Include="include\czredis\detail\delay_commands.h">
      <Filter>include\czredis\detail</Filter>
    </ClInclude>
    <ClInclude Include="include\czredis\detail\direct_commands.h">
      <Filter>include\czredis\detail</Filter>
    </ClInclude>
    <ClInclude Include="include\czredis\detail\one_key_direct_commands.h">
      <Filter>include\czredis\detail</Filter>
    </ClInclude>
    <ClInclude Include="include\czredis\redis_config.h">
      <Filter>include\czredis</Filter>
    </ClInclude>
    <ClInclude Include="include\czredis\redis_pool_config.h">
      <Filter>include\czredis</Filter>
    </ClInclude>
    <ClInclude Include="include\czredis\detail\client_config.h">
      <Filter>include\czredis\detail</Filter>
    </ClInclude>
    <ClInclude Include="include\czredis\detail\pool_config.h">
      <Filter>include\czredis\detail</Filter>
    </ClInclude>
    <ClInclude Include="include\czredis\detail\interface\transactions.h">
      <Filter>include\czredis\detail\interface</Filter>
    </ClInclude>
    <ClInclude Include="include\czredis\transaction.h">
      <Filter>include\czredis</Filter>
    </ClInclude>
  </ItemGroup>
  <ItemGroup>
    <ClCompile Include="test\main.cpp">
      <Filter>test</Filter>
    </ClCompile>
  </ItemGroup>
</Project>